
Microsoft Visual Studio Solution File, Format Version 12.00
# Visual Studio 15
VisualStudioVersion = 15.0.26228.4
MinimumVisualStudioVersion = 10.0.40219.1
Project("{FAE04EC0-301F-11D3-BF4B-00C04F79EFBC}") = "Calen.IOP.WebService", "Calen.IOP.WebService\Calen.IOP.WebService.csproj", "{2B4240C8-EFCD-4BDD-B688-340DB83DCFD5}"
EndProject
Project("{FAE04EC0-301F-11D3-BF4B-00C04F79EFBC}") = "Calen.IOP.WebService.测试", "Calen.IOP.WebService.测试\Calen.IOP.WebService.测试.csproj", "{EE438BF4-2B47-4F9F-863A-FD9CFEC11C95}"
EndProject
Global
	GlobalSection(SolutionConfigurationPlatforms) = preSolution
		Debug|Any CPU = Debug|Any CPU
		Release|Any CPU = Release|Any CPU
	EndGlobalSection
	GlobalSection(ProjectConfigurationPlatforms) = postSolution
		{2B4240C8-EFCD-4BDD-B688-340DB83DCFD5}.Debug|Any CPU.ActiveCfg = Debug|Any CPU
		{2B4240C8-EFCD-4BDD-B688-340DB83DCFD5}.Debug|Any CPU.Build.0 = Debug|Any CPU
		{2B4240C8-EFCD-4BDD-B688-340DB83DCFD5}.Release|Any CPU.ActiveCfg = Release|Any CPU
		{2B4240C8-EFCD-4BDD-B688-340DB83DCFD5}.Release|Any CPU.Build.0 = Release|Any CPU
		{EE438BF4-2B47-4F9F-863A-FD9CFEC11C95}.Debug|Any CPU.ActiveCfg = Debug|Any CPU
		{EE438BF4-2B47-4F9F-863A-FD9CFEC11C95}.Debug|Any CPU.Build.0 = Debug|Any CPU
		{EE438BF4-2B47-4F9F-863A-FD9CFEC11C95}.Release|Any CPU.ActiveCfg = Release|Any CPU
		{EE438BF4-2B47-4F9F-863A-FD9CFEC11C95}.Release|Any CPU.Build.0 = Release|Any CPU
	EndGlobalSection
	GlobalSection(SolutionProperties) = preSolution
		HideSolutionNode = FALSE
	EndGlobalSection
EndGlobal
