
Microsoft Visual Studio Solution File, Format Version 12.00
# Visual Studio 15
VisualStudioVersion = 15.0.26228.4
MinimumVisualStudioVersion = 10.0.40219.1
Project("{FAE04EC0-301F-11D3-BF4B-00C04F79EFBC}") = "Calen.IOP.WebService", "Calen.IOP.WebService\Calen.IOP.WebService.csproj", "{409D1079-0F87-46E4-B80B-C9B1F7A3EDA4}"
EndProject
Project("{FAE04EC0-301F-11D3-BF4B-00C04F79EFBC}") = "UnitTest.DataAccess", "UnitTest.DataAccess\UnitTest.DataAccess.csproj", "{BD341838-0D86-40D7-B43C-83E2C7A398A2}"
EndProject
Project("{2150E333-8FDC-42A3-9474-1A3956D46DE8}") = "Solution Items", "Solution Items", "{4581FF05-555C-4DE3-9A53-41D9FC637160}"
	ProjectSection(SolutionItems) = preProject
		Readme.txt = Readme.txt
	EndProjectSection
EndProject
Project("{FAE04EC0-301F-11D3-BF4B-00C04F79EFBC}") = "Calen.IOP.DataAccess", "Calen.IOP.DataAccess\Calen.IOP.DataAccess.csproj", "{772AFCCC-93FE-4EBC-8387-51EF45021E4B}"
EndProject
Project("{FAE04EC0-301F-11D3-BF4B-00C04F79EFBC}") = "Calen.IOP.BLL", "Calen.IOP.BLL\Calen.IOP.BLL.csproj", "{777483AB-BC84-42CA-A565-8E6A5B67F5E3}"
EndProject
Project("{2150E333-8FDC-42A3-9474-1A3956D46DE8}") = "Client", "Client", "{2128C012-3DD9-43D7-9764-498EBD8B2B87}"
EndProject
Project("{2150E333-8FDC-42A3-9474-1A3956D46DE8}") = "Desktop", "Desktop", "{A1964E22-29F4-4208-A527-9A0A3721DD8F}"
EndProject
Project("{FAE04EC0-301F-11D3-BF4B-00C04F79EFBC}") = "ClientTest", "ClientTest\ClientTest.csproj", "{0940140C-DEFF-4E3A-A143-0551E138FB5D}"
EndProject
Project("{FAE04EC0-301F-11D3-BF4B-00C04F79EFBC}") = "Calen.IOP.Client.Desktop", "Calen.IOP.Client.Desktop\Calen.IOP.Client.Desktop.csproj", "{7E9BA8AA-411F-46CE-BD40-D7BF5039C685}"
EndProject
Project("{FAE04EC0-301F-11D3-BF4B-00C04F79EFBC}") = "Calen.IOP.DTO", "Calen.IOP.DTO\Calen.IOP.DTO.csproj", "{15A419AD-C069-4FF1-B172-1A3E3D7759A1}"
EndProject
Project("{FAE04EC0-301F-11D3-BF4B-00C04F79EFBC}") = "Calen.IOP.DataPortal", "Calen.IOP.DataPortal\Calen.IOP.DataPortal.csproj", "{C2EF32D5-069E-4EB1-8475-EB823A9491BA}"
EndProject
Global
	GlobalSection(SolutionConfigurationPlatforms) = preSolution
		Debug|Any CPU = Debug|Any CPU
		Release|Any CPU = Release|Any CPU
	EndGlobalSection
	GlobalSection(ProjectConfigurationPlatforms) = postSolution
		{409D1079-0F87-46E4-B80B-C9B1F7A3EDA4}.Debug|Any CPU.ActiveCfg = Debug|Any CPU
		{409D1079-0F87-46E4-B80B-C9B1F7A3EDA4}.Debug|Any CPU.Build.0 = Debug|Any CPU
		{409D1079-0F87-46E4-B80B-C9B1F7A3EDA4}.Release|Any CPU.ActiveCfg = Release|Any CPU
		{409D1079-0F87-46E4-B80B-C9B1F7A3EDA4}.Release|Any CPU.Build.0 = Release|Any CPU
		{BD341838-0D86-40D7-B43C-83E2C7A398A2}.Debug|Any CPU.ActiveCfg = Debug|Any CPU
		{BD341838-0D86-40D7-B43C-83E2C7A398A2}.Debug|Any CPU.Build.0 = Debug|Any CPU
		{BD341838-0D86-40D7-B43C-83E2C7A398A2}.Release|Any CPU.ActiveCfg = Release|Any CPU
		{BD341838-0D86-40D7-B43C-83E2C7A398A2}.Release|Any CPU.Build.0 = Release|Any CPU
		{772AFCCC-93FE-4EBC-8387-51EF45021E4B}.Debug|Any CPU.ActiveCfg = Debug|Any CPU
		{772AFCCC-93FE-4EBC-8387-51EF45021E4B}.Debug|Any CPU.Build.0 = Debug|Any CPU
		{772AFCCC-93FE-4EBC-8387-51EF45021E4B}.Release|Any CPU.ActiveCfg = Release|Any CPU
		{772AFCCC-93FE-4EBC-8387-51EF45021E4B}.Release|Any CPU.Build.0 = Release|Any CPU
		{777483AB-BC84-42CA-A565-8E6A5B67F5E3}.Debug|Any CPU.ActiveCfg = Debug|Any CPU
		{777483AB-BC84-42CA-A565-8E6A5B67F5E3}.Debug|Any CPU.Build.0 = Debug|Any CPU
		{777483AB-BC84-42CA-A565-8E6A5B67F5E3}.Release|Any CPU.ActiveCfg = Release|Any CPU
		{777483AB-BC84-42CA-A565-8E6A5B67F5E3}.Release|Any CPU.Build.0 = Release|Any CPU
		{0940140C-DEFF-4E3A-A143-0551E138FB5D}.Debug|Any CPU.ActiveCfg = Debug|Any CPU
		{0940140C-DEFF-4E3A-A143-0551E138FB5D}.Debug|Any CPU.Build.0 = Debug|Any CPU
		{0940140C-DEFF-4E3A-A143-0551E138FB5D}.Release|Any CPU.ActiveCfg = Release|Any CPU
		{0940140C-DEFF-4E3A-A143-0551E138FB5D}.Release|Any CPU.Build.0 = Release|Any CPU
		{7E9BA8AA-411F-46CE-BD40-D7BF5039C685}.Debug|Any CPU.ActiveCfg = Debug|Any CPU
		{7E9BA8AA-411F-46CE-BD40-D7BF5039C685}.Debug|Any CPU.Build.0 = Debug|Any CPU
		{7E9BA8AA-411F-46CE-BD40-D7BF5039C685}.Release|Any CPU.ActiveCfg = Release|Any CPU
		{7E9BA8AA-411F-46CE-BD40-D7BF5039C685}.Release|Any CPU.Build.0 = Release|Any CPU
		{15A419AD-C069-4FF1-B172-1A3E3D7759A1}.Debug|Any CPU.ActiveCfg = Debug|Any CPU
		{15A419AD-C069-4FF1-B172-1A3E3D7759A1}.Debug|Any CPU.Build.0 = Debug|Any CPU
		{15A419AD-C069-4FF1-B172-1A3E3D7759A1}.Release|Any CPU.ActiveCfg = Release|Any CPU
		{15A419AD-C069-4FF1-B172-1A3E3D7759A1}.Release|Any CPU.Build.0 = Release|Any CPU
		{C2EF32D5-069E-4EB1-8475-EB823A9491BA}.Debug|Any CPU.ActiveCfg = Debug|Any CPU
		{C2EF32D5-069E-4EB1-8475-EB823A9491BA}.Debug|Any CPU.Build.0 = Debug|Any CPU
		{C2EF32D5-069E-4EB1-8475-EB823A9491BA}.Release|Any CPU.ActiveCfg = Release|Any CPU
		{C2EF32D5-069E-4EB1-8475-EB823A9491BA}.Release|Any CPU.Build.0 = Release|Any CPU
	EndGlobalSection
	GlobalSection(SolutionProperties) = preSolution
		HideSolutionNode = FALSE
	EndGlobalSection
	GlobalSection(NestedProjects) = preSolution
		{A1964E22-29F4-4208-A527-9A0A3721DD8F} = {2128C012-3DD9-43D7-9764-498EBD8B2B87}
		{0940140C-DEFF-4E3A-A143-0551E138FB5D} = {A1964E22-29F4-4208-A527-9A0A3721DD8F}
		{7E9BA8AA-411F-46CE-BD40-D7BF5039C685} = {A1964E22-29F4-4208-A527-9A0A3721DD8F}
	EndGlobalSection
EndGlobal
